
Microsoft Visual Studio Solution File, Format Version 12.00
# Visual Studio Express 2012 for Web
Project("{FAE04EC0-301F-11D3-BF4B-00C04F79EFBC}") = "Mvc4HelloWorld", "Mvc4HelloWorld\Mvc4HelloWorld.csproj", "{94AC598E-8003-4042-9C32-DC7EC973AD92}"
EndProject
Global
	GlobalSection(SolutionConfigurationPlatforms) = preSolution
		Debug|Any CPU = Debug|Any CPU
		Release|Any CPU = Release|Any CPU
	EndGlobalSection
	GlobalSection(ProjectConfigurationPlatforms) = postSolution
		{94AC598E-8003-4042-9C32-DC7EC973AD92}.Debug|Any CPU.ActiveCfg = Debug|Any CPU
		{94AC598E-8003-4042-9C32-DC7EC973AD92}.Debug|Any CPU.Build.0 = Debug|Any CPU
		{94AC598E-8003-4042-9C32-DC7EC973AD92}.Release|Any CPU.ActiveCfg = Release|Any CPU
		{94AC598E-8003-4042-9C32-DC7EC973AD92}.Release|Any CPU.Build.0 = Release|Any CPU
	EndGlobalSection
	GlobalSection(SolutionProperties) = preSolution
		HideSolutionNode = FALSE
	EndGlobalSection
EndGlobal
